
Microsoft Visual Studio Solution File, Format Version 12.00
# Visual Studio Version 16
VisualStudioVersion = 25.0.1706.3
MinimumVisualStudioVersion = 10.0.40219.1
Project("{FAE04EC0-301F-11D3-BF4B-00C04F79EFBC}") = "CacheMemory", "CacheMemory\CacheMemory.csproj", "{17B1A18C-2AE2-41E3-B954-BFDA303FE710}"
EndProject
Global
	GlobalSection(SolutionConfigurationPlatforms) = preSolution
		Debug|Any CPU = Debug|Any CPU
		Release|Any CPU = Release|Any CPU
	EndGlobalSection
	GlobalSection(ProjectConfigurationPlatforms) = postSolution
		{17B1A18C-2AE2-41E3-B954-BFDA303FE710}.Debug|Any CPU.ActiveCfg = Debug|Any CPU
		{17B1A18C-2AE2-41E3-B954-BFDA303FE710}.Debug|Any CPU.Build.0 = Debug|Any CPU
		{17B1A18C-2AE2-41E3-B954-BFDA303FE710}.Release|Any CPU.ActiveCfg = Release|Any CPU
		{17B1A18C-2AE2-41E3-B954-BFDA303FE710}.Release|Any CPU.Build.0 = Release|Any CPU
	EndGlobalSection
	GlobalSection(SolutionProperties) = preSolution
		HideSolutionNode = FALSE
	EndGlobalSection
	GlobalSection(ExtensibilityGlobals) = postSolution
		SolutionGuid = {73D52DDF-B9C0-4A4D-8281-F3773F9FE9C5}
	EndGlobalSection
EndGlobal
